// !$*UTF8*$!
{
	archiveVersion = 1;
	classes = {
	};
	objectVersion = 46;
	objects = {

/* Begin PBXBuildFile section */
		880E10901E9C281400F54142 /* UIKitExtensions.swift in Sources */ = {isa = PBXBuildFile; fileRef = 880E108F1E9C281400F54142 /* UIKitExtensions.swift */; };
		880E10931E9C288500F54142 /* SplashView.swift in Sources */ = {isa = PBXBuildFile; fileRef = 880E10921E9C288500F54142 /* SplashView.swift */; };
		880E10951E9C2C4100F54142 /* splash_animation.gif in Resources */ = {isa = PBXBuildFile; fileRef = 880E10941E9C2C4100F54142 /* splash_animation.gif */; };
		880E10971E9C2F7200F54142 /* SplashViewController.swift in Sources */ = {isa = PBXBuildFile; fileRef = 880E10961E9C2F7200F54142 /* SplashViewController.swift */; };
		88924A131E984490004B4998 /* AppDelegate.swift in Sources */ = {isa = PBXBuildFile; fileRef = 88924A121E984490004B4998 /* AppDelegate.swift */; };
		88924A171E984491004B4998 /* Actions.sks in Resources */ = {isa = PBXBuildFile; fileRef = 88924A161E984491004B4998 /* Actions.sks */; };
		88924A191E984491004B4998 /* TrashScene.swift in Sources */ = {isa = PBXBuildFile; fileRef = 88924A181E984491004B4998 /* TrashScene.swift */; };
		88924A1B1E984491004B4998 /* PlayViewController.swift in Sources */ = {isa = PBXBuildFile; fileRef = 88924A1A1E984491004B4998 /* PlayViewController.swift */; };
		88924A1E1E984491004B4998 /* Main.storyboard in Resources */ = {isa = PBXBuildFile; fileRef = 88924A1C1E984491004B4998 /* Main.storyboard */; };
		88924A201E984491004B4998 /* Assets.xcassets in Resources */ = {isa = PBXBuildFile; fileRef = 88924A1F1E984491004B4998 /* Assets.xcassets */; };
		88924A231E984491004B4998 /* LaunchScreen.storyboard in Resources */ = {isa = PBXBuildFile; fileRef = 88924A211E984491004B4998 /* LaunchScreen.storyboard */; };
		88924A2C1E997EE7004B4998 /* beep.wav in Resources */ = {isa = PBXBuildFile; fileRef = 88924A2B1E997EE7004B4998 /* beep.wav */; };
		88924A2F1E998123004B4998 /* MainMenuViewController.swift in Sources */ = {isa = PBXBuildFile; fileRef = 88924A2E1E998123004B4998 /* MainMenuViewController.swift */; };
		88924A321E99B035004B4998 /* Configuration.swift in Sources */ = {isa = PBXBuildFile; fileRef = 88924A311E99B035004B4998 /* Configuration.swift */; };
		88924A351E99CBB3004B4998 /* VaginaScene.swift in Sources */ = {isa = PBXBuildFile; fileRef = 88924A341E99CBB3004B4998 /* VaginaScene.swift */; };
		88924A391E99ED6F004B4998 /* LevelListViewController.swift in Sources */ = {isa = PBXBuildFile; fileRef = 88924A381E99ED6F004B4998 /* LevelListViewController.swift */; };
		88924A3B1E99FAE3004B4998 /* AppViewController.swift in Sources */ = {isa = PBXBuildFile; fileRef = 88924A3A1E99FAE2004B4998 /* AppViewController.swift */; };
		88924A411E9A05AC004B4998 /* ObjectTiles.sks in Resources */ = {isa = PBXBuildFile; fileRef = 88924A401E9A05AC004B4998 /* ObjectTiles.sks */; };
		88924A671E9AA188004B4998 /* AppUtilities.swift in Sources */ = {isa = PBXBuildFile; fileRef = 88924A661E9AA188004B4998 /* AppUtilities.swift */; };
		88924A691E9AC3B1004B4998 /* PlayScene.swift in Sources */ = {isa = PBXBuildFile; fileRef = 88924A681E9AC3B1004B4998 /* PlayScene.swift */; };
		88924A6B1E9B4CD9004B4998 /* LevelResultScene.sks in Resources */ = {isa = PBXBuildFile; fileRef = 88924A6A1E9B4CD9004B4998 /* LevelResultScene.sks */; };
		88924A6D1E9B4EAE004B4998 /* LevelResultScene.swift in Sources */ = {isa = PBXBuildFile; fileRef = 88924A6C1E9B4EAE004B4998 /* LevelResultScene.swift */; };
/* End PBXBuildFile section */

/* Begin PBXFileReference section */
		880E108F1E9C281400F54142 /* UIKitExtensions.swift */ = {isa = PBXFileReference; fileEncoding = 4; lastKnownFileType = sourcecode.swift; path = UIKitExtensions.swift; sourceTree = "<group>"; };
		880E10921E9C288500F54142 /* SplashView.swift */ = {isa = PBXFileReference; fileEncoding = 4; lastKnownFileType = sourcecode.swift; path = SplashView.swift; sourceTree = "<group>"; };
		880E10941E9C2C4100F54142 /* splash_animation.gif */ = {isa = PBXFileReference; lastKnownFileType = image.gif; path = splash_animation.gif; sourceTree = "<group>"; };
		880E10961E9C2F7200F54142 /* SplashViewController.swift */ = {isa = PBXFileReference; fileEncoding = 4; lastKnownFileType = sourcecode.swift; path = SplashViewController.swift; sourceTree = "<group>"; };
		88924A0F1E984490004B4998 /* WinkWink_11.app */ = {isa = PBXFileReference; explicitFileType = wrapper.application; includeInIndex = 0; path = WinkWink_11.app; sourceTree = BUILT_PRODUCTS_DIR; };
		88924A121E984490004B4998 /* AppDelegate.swift */ = {isa = PBXFileReference; lastKnownFileType = sourcecode.swift; path = AppDelegate.swift; sourceTree = "<group>"; };
		88924A161E984491004B4998 /* Actions.sks */ = {isa = PBXFileReference; lastKnownFileType = file.sks; path = Actions.sks; sourceTree = "<group>"; };
		88924A181E984491004B4998 /* TrashScene.swift */ = {isa = PBXFileReference; lastKnownFileType = sourcecode.swift; path = TrashScene.swift; sourceTree = "<group>"; };
		88924A1A1E984491004B4998 /* PlayViewController.swift */ = {isa = PBXFileReference; lastKnownFileType = sourcecode.swift; path = PlayViewController.swift; sourceTree = "<group>"; };
		88924A1D1E984491004B4998 /* Base */ = {isa = PBXFileReference; lastKnownFileType = file.storyboard; name = Base; path = Base.lproj/Main.storyboard; sourceTree = "<group>"; };
		88924A1F1E984491004B4998 /* Assets.xcassets */ = {isa = PBXFileReference; lastKnownFileType = folder.assetcatalog; path = Assets.xcassets; sourceTree = "<group>"; };
		88924A221E984491004B4998 /* Base */ = {isa = PBXFileReference; lastKnownFileType = file.storyboard; name = Base; path = Base.lproj/LaunchScreen.storyboard; sourceTree = "<group>"; };
		88924A241E984491004B4998 /* Info.plist */ = {isa = PBXFileReference; lastKnownFileType = text.plist.xml; path = Info.plist; sourceTree = "<group>"; };
		88924A2B1E997EE7004B4998 /* beep.wav */ = {isa = PBXFileReference; lastKnownFileType = audio.wav; path = beep.wav; sourceTree = "<group>"; };
		88924A2E1E998123004B4998 /* MainMenuViewController.swift */ = {isa = PBXFileReference; fileEncoding = 4; lastKnownFileType = sourcecode.swift; path = MainMenuViewController.swift; sourceTree = "<group>"; };
		88924A311E99B035004B4998 /* Configuration.swift */ = {isa = PBXFileReference; fileEncoding = 4; lastKnownFileType = sourcecode.swift; path = Configuration.swift; sourceTree = "<group>"; };
		88924A341E99CBB3004B4998 /* VaginaScene.swift */ = {isa = PBXFileReference; fileEncoding = 4; lastKnownFileType = sourcecode.swift; path = VaginaScene.swift; sourceTree = "<group>"; };
		88924A381E99ED6F004B4998 /* LevelListViewController.swift */ = {isa = PBXFileReference; fileEncoding = 4; lastKnownFileType = sourcecode.swift; path = LevelListViewController.swift; sourceTree = "<group>"; };
		88924A3A1E99FAE2004B4998 /* AppViewController.swift */ = {isa = PBXFileReference; fileEncoding = 4; lastKnownFileType = sourcecode.swift; path = AppViewController.swift; sourceTree = "<group>"; };
		88924A401E9A05AC004B4998 /* ObjectTiles.sks */ = {isa = PBXFileReference; lastKnownFileType = file.sks; path = ObjectTiles.sks; sourceTree = "<group>"; };
		88924A661E9AA188004B4998 /* AppUtilities.swift */ = {isa = PBXFileReference; fileEncoding = 4; lastKnownFileType = sourcecode.swift; path = AppUtilities.swift; sourceTree = "<group>"; };
		88924A681E9AC3B1004B4998 /* PlayScene.swift */ = {isa = PBXFileReference; fileEncoding = 4; lastKnownFileType = sourcecode.swift; path = PlayScene.swift; sourceTree = "<group>"; };
		88924A6A1E9B4CD9004B4998 /* LevelResultScene.sks */ = {isa = PBXFileReference; lastKnownFileType = file.sks; path = LevelResultScene.sks; sourceTree = "<group>"; };
		88924A6C1E9B4EAE004B4998 /* LevelResultScene.swift */ = {isa = PBXFileReference; fileEncoding = 4; lastKnownFileType = sourcecode.swift; path = LevelResultScene.swift; sourceTree = "<group>"; };
/* End PBXFileReference section */

/* Begin PBXFrameworksBuildPhase section */
		88924A0C1E984490004B4998 /* Frameworks */ = {
			isa = PBXFrameworksBuildPhase;
			buildActionMask = 2147483647;
			files = (
			);
			runOnlyForDeploymentPostprocessing = 0;
		};
/* End PBXFrameworksBuildPhase section */

/* Begin PBXGroup section */
		880E10911E9C285D00F54142 /* Views */ = {
			isa = PBXGroup;
			children = (
				880E10921E9C288500F54142 /* SplashView.swift */,
			);
			name = Views;
			sourceTree = "<group>";
		};
		88924A061E984490004B4998 = {
			isa = PBXGroup;
			children = (
				88924A111E984490004B4998 /* WinkWink_11 */,
				88924A101E984490004B4998 /* Products */,
			);
			sourceTree = "<group>";
		};
		88924A101E984490004B4998 /* Products */ = {
			isa = PBXGroup;
			children = (
				88924A0F1E984490004B4998 /* WinkWink_11.app */,
			);
			name = Products;
			sourceTree = "<group>";
		};
		88924A111E984490004B4998 /* WinkWink_11 */ = {
			isa = PBXGroup;
			children = (
				88924A3C1E99FFF1004B4998 /* Extensions */,
				88924A6E1E9BCF0F004B4998 /* Services */,
				88924A2A1E997ED0004B4998 /* Sounds */,
				88924A3F1E9A0589004B4998 /* TileSets */,
				88924A301E99B013004B4998 /* Utilities */,
				88924A331E99C8A8004B4998 /* Scenes */,
				880E10911E9C285D00F54142 /* Views */,
				88924A2D1E99810D004B4998 /* ViewControllers */,
				88924A121E984490004B4998 /* AppDelegate.swift */,
				88924A1C1E984491004B4998 /* Main.storyboard */,
				88924A1F1E984491004B4998 /* Assets.xcassets */,
				88924A211E984491004B4998 /* LaunchScreen.storyboard */,
				88924A241E984491004B4998 /* Info.plist */,
				880E10941E9C2C4100F54142 /* splash_animation.gif */,
			);
			path = WinkWink_11;
			sourceTree = "<group>";
		};
		88924A2A1E997ED0004B4998 /* Sounds */ = {
			isa = PBXGroup;
			children = (
				88924A2B1E997EE7004B4998 /* beep.wav */,
			);
			name = Sounds;
			sourceTree = "<group>";
		};
		88924A2D1E99810D004B4998 /* ViewControllers */ = {
			isa = PBXGroup;
			children = (
				88924A3A1E99FAE2004B4998 /* AppViewController.swift */,
				88924A2E1E998123004B4998 /* MainMenuViewController.swift */,
				88924A1A1E984491004B4998 /* PlayViewController.swift */,
				88924A381E99ED6F004B4998 /* LevelListViewController.swift */,
				880E10961E9C2F7200F54142 /* SplashViewController.swift */,
			);
			name = ViewControllers;
			sourceTree = "<group>";
		};
		88924A301E99B013004B4998 /* Utilities */ = {
			isa = PBXGroup;
			children = (
				88924A311E99B035004B4998 /* Configuration.swift */,
				88924A661E9AA188004B4998 /* AppUtilities.swift */,
			);
			name = Utilities;
			sourceTree = "<group>";
		};
		88924A331E99C8A8004B4998 /* Scenes */ = {
			isa = PBXGroup;
			children = (
				88924A161E984491004B4998 /* Actions.sks */,
				88924A6C1E9B4EAE004B4998 /* LevelResultScene.swift */,
				88924A6A1E9B4CD9004B4998 /* LevelResultScene.sks */,
				88924A681E9AC3B1004B4998 /* PlayScene.swift */,
				88924A181E984491004B4998 /* TrashScene.swift */,
				88924A341E99CBB3004B4998 /* VaginaScene.swift */,
			);
			name = Scenes;
			sourceTree = "<group>";
		};
		88924A3C1E99FFF1004B4998 /* Extensions */ = {
			isa = PBXGroup;
			children = (
				880E108F1E9C281400F54142 /* UIKitExtensions.swift */,
			);
			name = Extensions;
			sourceTree = "<group>";
		};
		88924A3F1E9A0589004B4998 /* TileSets */ = {
			isa = PBXGroup;
			children = (
				88924A401E9A05AC004B4998 /* ObjectTiles.sks */,
			);
			name = TileSets;
			sourceTree = "<group>";
		};
		88924A6E1E9BCF0F004B4998 /* Services */ = {
			isa = PBXGroup;
			children = (
			);
			name = Services;
			sourceTree = "<group>";
		};
/* End PBXGroup section */

/* Begin PBXNativeTarget section */
		88924A0E1E984490004B4998 /* WinkWink_11 */ = {
			isa = PBXNativeTarget;
			buildConfigurationList = 88924A271E984491004B4998 /* Build configuration list for PBXNativeTarget "WinkWink_11" */;
			buildPhases = (
				88924A0B1E984490004B4998 /* Sources */,
				88924A0C1E984490004B4998 /* Frameworks */,
				88924A0D1E984490004B4998 /* Resources */,
			);
			buildRules = (
			);
			dependencies = (
			);
			name = WinkWink_11;
			productName = WinkWink_11;
			productReference = 88924A0F1E984490004B4998 /* WinkWink_11.app */;
			productType = "com.apple.product-type.application";
		};
/* End PBXNativeTarget section */

/* Begin PBXProject section */
		88924A071E984490004B4998 /* Project object */ = {
			isa = PBXProject;
			attributes = {
				LastSwiftUpdateCheck = 0820;
				LastUpgradeCheck = 0820;
				ORGANIZATIONNAME = "travis holt";
				TargetAttributes = {
					88924A0E1E984490004B4998 = {
						CreatedOnToolsVersion = 8.2.1;
						DevelopmentTeam = U2FS6H847E;
						ProvisioningStyle = Automatic;
					};
				};
			};
			buildConfigurationList = 88924A0A1E984490004B4998 /* Build configuration list for PBXProject "WinkWink_11" */;
			compatibilityVersion = "Xcode 3.2";
			developmentRegion = English;
			hasScannedForEncodings = 0;
			knownRegions = (
				en,
				Base,
			);
			mainGroup = 88924A061E984490004B4998;
			productRefGroup = 88924A101E984490004B4998 /* Products */;
			projectDirPath = "";
			projectRoot = "";
			targets = (
				88924A0E1E984490004B4998 /* WinkWink_11 */,
			);
		};
/* End PBXProject section */

/* Begin PBXResourcesBuildPhase section */
		88924A0D1E984490004B4998 /* Resources */ = {
			isa = PBXResourcesBuildPhase;
			buildActionMask = 2147483647;
			files = (
				88924A6B1E9B4CD9004B4998 /* LevelResultScene.sks in Resources */,
				88924A2C1E997EE7004B4998 /* beep.wav in Resources */,
				88924A1E1E984491004B4998 /* Main.storyboard in Resources */,
				88924A201E984491004B4998 /* Assets.xcassets in Resources */,
				88924A411E9A05AC004B4998 /* ObjectTiles.sks in Resources */,
				88924A231E984491004B4998 /* LaunchScreen.storyboard in Resources */,
				880E10951E9C2C4100F54142 /* splash_animation.gif in Resources */,
				88924A171E984491004B4998 /* Actions.sks in Resources */,
			);
			runOnlyForDeploymentPostprocessing = 0;
		};
/* End PBXResourcesBuildPhase section */

/* Begin PBXSourcesBuildPhase section */
		88924A0B1E984490004B4998 /* Sources */ = {
			isa = PBXSourcesBuildPhase;
			buildActionMask = 2147483647;
			files = (
				88924A2F1E998123004B4998 /* MainMenuViewController.swift in Sources */,
				88924A671E9AA188004B4998 /* AppUtilities.swift in Sources */,
				880E10901E9C281400F54142 /* UIKitExtensions.swift in Sources */,
				88924A6D1E9B4EAE004B4998 /* LevelResultScene.swift in Sources */,
				88924A321E99B035004B4998 /* Configuration.swift in Sources */,
				880E10971E9C2F7200F54142 /* SplashViewController.swift in Sources */,
				88924A3B1E99FAE3004B4998 /* AppViewController.swift in Sources */,
				88924A351E99CBB3004B4998 /* VaginaScene.swift in Sources */,
				88924A391E99ED6F004B4998 /* LevelListViewController.swift in Sources */,
				880E10931E9C288500F54142 /* SplashView.swift in Sources */,
				88924A691E9AC3B1004B4998 /* PlayScene.swift in Sources */,
				88924A191E984491004B4998 /* TrashScene.swift in Sources */,
				88924A1B1E984491004B4998 /* PlayViewController.swift in Sources */,
				88924A131E984490004B4998 /* AppDelegate.swift in Sources */,
			);
			runOnlyForDeploymentPostprocessing = 0;
		};
/* End PBXSourcesBuildPhase section */

/* Begin PBXVariantGroup section */
		88924A1C1E984491004B4998 /* Main.storyboard */ = {
			isa = PBXVariantGroup;
			children = (
				88924A1D1E984491004B4998 /* Base */,
			);
			name = Main.storyboard;
			sourceTree = "<group>";
		};
		88924A211E984491004B4998 /* LaunchScreen.storyboard */ = {
			isa = PBXVariantGroup;
			children = (
				88924A221E984491004B4998 /* Base */,
			);
			name = LaunchScreen.storyboard;
			sourceTree = "<group>";
		};
/* End PBXVariantGroup section */

/* Begin XCBuildConfiguration section */
		88924A251E984491004B4998 /* Debug */ = {
			isa = XCBuildConfiguration;
			buildSettings = {
				ALWAYS_SEARCH_USER_PATHS = NO;
				CLANG_ANALYZER_NONNULL = YES;
				CLANG_CXX_LANGUAGE_STANDARD = "gnu++0x";
				CLANG_CXX_LIBRARY = "libc++";
				CLANG_ENABLE_MODULES = YES;
				CLANG_ENABLE_OBJC_ARC = YES;
				CLANG_WARN_BOOL_CONVERSION = YES;
				CLANG_WARN_CONSTANT_CONVERSION = YES;
				CLANG_WARN_DIRECT_OBJC_ISA_USAGE = YES_ERROR;
				CLANG_WARN_DOCUMENTATION_COMMENTS = YES;
				CLANG_WARN_EMPTY_BODY = YES;
				CLANG_WARN_ENUM_CONVERSION = YES;
				CLANG_WARN_INFINITE_RECURSION = YES;
				CLANG_WARN_INT_CONVERSION = YES;
				CLANG_WARN_OBJC_ROOT_CLASS = YES_ERROR;
				CLANG_WARN_SUSPICIOUS_MOVE = YES;
				CLANG_WARN_UNREACHABLE_CODE = YES;
				CLANG_WARN__DUPLICATE_METHOD_MATCH = YES;
				"CODE_SIGN_IDENTITY[sdk=iphoneos*]" = "iPhone Developer";
				COPY_PHASE_STRIP = NO;
				DEBUG_INFORMATION_FORMAT = dwarf;
				ENABLE_STRICT_OBJC_MSGSEND = YES;
				ENABLE_TESTABILITY = YES;
				GCC_C_LANGUAGE_STANDARD = gnu99;
				GCC_DYNAMIC_NO_PIC = NO;
				GCC_NO_COMMON_BLOCKS = YES;
				GCC_OPTIMIZATION_LEVEL = 0;
				GCC_PREPROCESSOR_DEFINITIONS = (
					"DEBUG=1",
					"$(inherited)",
				);
				GCC_WARN_64_TO_32_BIT_CONVERSION = YES;
				GCC_WARN_ABOUT_RETURN_TYPE = YES_ERROR;
				GCC_WARN_UNDECLARED_SELECTOR = YES;
				GCC_WARN_UNINITIALIZED_AUTOS = YES_AGGRESSIVE;
				GCC_WARN_UNUSED_FUNCTION = YES;
				GCC_WARN_UNUSED_VARIABLE = YES;
				IPHONEOS_DEPLOYMENT_TARGET = 10.2;
				MTL_ENABLE_DEBUG_INFO = YES;
				ONLY_ACTIVE_ARCH = YES;
				SDKROOT = iphoneos;
				SWIFT_ACTIVE_COMPILATION_CONDITIONS = DEBUG;
				SWIFT_OPTIMIZATION_LEVEL = "-Onone";
			};
			name = Debug;
		};
		88924A261E984491004B4998 /* Release */ = {
			isa = XCBuildConfiguration;
			buildSettings = {
				ALWAYS_SEARCH_USER_PATHS = NO;
				CLANG_ANALYZER_NONNULL = YES;
				CLANG_CXX_LANGUAGE_STANDARD = "gnu++0x";
				CLANG_CXX_LIBRARY = "libc++";
				CLANG_ENABLE_MODULES = YES;
				CLANG_ENABLE_OBJC_ARC = YES;
				CLANG_WARN_BOOL_CONVERSION = YES;
				CLANG_WARN_CONSTANT_CONVERSION = YES;
				CLANG_WARN_DIRECT_OBJC_ISA_USAGE = YES_ERROR;
				CLANG_WARN_DOCUMENTATION_COMMENTS = YES;
				CLANG_WARN_EMPTY_BODY = YES;
				CLANG_WARN_ENUM_CONVERSION = YES;
				CLANG_WARN_INFINITE_RECURSION = YES;
				CLANG_WARN_INT_CONVERSION = YES;
				CLANG_WARN_OBJC_ROOT_CLASS = YES_ERROR;
				CLANG_WARN_SUSPICIOUS_MOVE = YES;
				CLANG_WARN_UNREACHABLE_CODE = YES;
				CLANG_WARN__DUPLICATE_METHOD_MATCH = YES;
				"CODE_SIGN_IDENTITY[sdk=iphoneos*]" = "iPhone Developer";
				COPY_PHASE_STRIP = NO;
				DEBUG_INFORMATION_FORMAT = "dwarf-with-dsym";
				ENABLE_NS_ASSERTIONS = NO;
				ENABLE_STRICT_OBJC_MSGSEND = YES;
				GCC_C_LANGUAGE_STANDARD = gnu99;
				GCC_NO_COMMON_BLOCKS = YES;
				GCC_WARN_64_TO_32_BIT_CONVERSION = YES;
				GCC_WARN_ABOUT_RETURN_TYPE = YES_ERROR;
				GCC_WARN_UNDECLARED_SELECTOR = YES;
				GCC_WARN_UNINITIALIZED_AUTOS = YES_AGGRESSIVE;
				GCC_WARN_UNUSED_FUNCTION = YES;
				GCC_WARN_UNUSED_VARIABLE = YES;
				IPHONEOS_DEPLOYMENT_TARGET = 10.2;
				MTL_ENABLE_DEBUG_INFO = NO;
				SDKROOT = iphoneos;
				SWIFT_OPTIMIZATION_LEVEL = "-Owholemodule";
				VALIDATE_PRODUCT = YES;
			};
			name = Release;
		};
		88924A281E984491004B4998 /* Debug */ = {
			isa = XCBuildConfiguration;
			buildSettings = {
				ASSETCATALOG_COMPILER_APPICON_NAME = AppIcon;
				DEVELOPMENT_TEAM = U2FS6H847E;
				INFOPLIST_FILE = WinkWink_11/Info.plist;
				LD_RUNPATH_SEARCH_PATHS = "$(inherited) @executable_path/Frameworks";
				PRODUCT_BUNDLE_IDENTIFIER = "com.travisholt.WinkWink-11";
				PRODUCT_NAME = "$(TARGET_NAME)";
				SWIFT_VERSION = 3.0;
			};
			name = Debug;
		};
		88924A291E984491004B4998 /* Release */ = {
			isa = XCBuildConfiguration;
			buildSettings = {
				ASSETCATALOG_COMPILER_APPICON_NAME = AppIcon;
				DEVELOPMENT_TEAM = U2FS6H847E;
				INFOPLIST_FILE = WinkWink_11/Info.plist;
				LD_RUNPATH_SEARCH_PATHS = "$(inherited) @executable_path/Frameworks";
				PRODUCT_BUNDLE_IDENTIFIER = "com.travisholt.WinkWink-11";
				PRODUCT_NAME = "$(TARGET_NAME)";
				SWIFT_VERSION = 3.0;
			};
			name = Release;
		};
/* End XCBuildConfiguration section */

/* Begin XCConfigurationList section */
		88924A0A1E984490004B4998 /* Build configuration list for PBXProject "WinkWink_11" */ = {
			isa = XCConfigurationList;
			buildConfigurations = (
				88924A251E984491004B4998 /* Debug */,
				88924A261E984491004B4998 /* Release */,
			);
			defaultConfigurationIsVisible = 0;
			defaultConfigurationName = Release;
		};
		88924A271E984491004B4998 /* Build configuration list for PBXNativeTarget "WinkWink_11" */ = {
			isa = XCConfigurationList;
			buildConfigurations = (
				88924A281E984491004B4998 /* Debug */,
				88924A291E984491004B4998 /* Release */,
			);
			defaultConfigurationIsVisible = 0;
			defaultConfigurationName = Release;
		};
/* End XCConfigurationList section */
	};
	rootObject = 88924A071E984490004B4998 /* Project object */;
}
