// !$*UTF8*$!
{
	archiveVersion = 1;
	classes = {
	};
	objectVersion = 46;
	objects = {

/* Begin PBXBuildFile section */
		880E10901E9C281400F54142 /* UIKitExtensions.swift in Sources */ = {isa = PBXBuildFile; fileRef = 880E108F1E9C281400F54142 /* UIKitExtensions.swift */; };
		880E10971E9C2F7200F54142 /* SplashViewController.swift in Sources */ = {isa = PBXBuildFile; fileRef = 880E10961E9C2F7200F54142 /* SplashViewController.swift */; };
		880E109D1E9C366B00F54142 /* AppLabelNode.swift in Sources */ = {isa = PBXBuildFile; fileRef = 880E109C1E9C366B00F54142 /* AppLabelNode.swift */; };
		884624F01E9E80CA0003D556 /* splash_animation.gif in Resources */ = {isa = PBXBuildFile; fileRef = 884624EF1E9E80CA0003D556 /* splash_animation.gif */; };
		884625191E9F36130003D556 /* ChallengeResultNode.swift in Sources */ = {isa = PBXBuildFile; fileRef = 884625181E9F36130003D556 /* ChallengeResultNode.swift */; };
		8846251B1E9F583F0003D556 /* AppGlobal.swift in Sources */ = {isa = PBXBuildFile; fileRef = 8846251A1E9F583F0003D556 /* AppGlobal.swift */; };
		8857E8291EA173C1004EDD34 /* LevelStatusView.swift in Sources */ = {isa = PBXBuildFile; fileRef = 8857E8281EA173C1004EDD34 /* LevelStatusView.swift */; };
		8857E82B1EA173E9004EDD34 /* AppView.swift in Sources */ = {isa = PBXBuildFile; fileRef = 8857E82A1EA173E9004EDD34 /* AppView.swift */; };
		8857E82E1EA299EC004EDD34 /* SelectVulvasChallengeNode.swift in Sources */ = {isa = PBXBuildFile; fileRef = 8857E82D1EA299EC004EDD34 /* SelectVulvasChallengeNode.swift */; };
		8857E8321EA2F609004EDD34 /* SoundManager.swift in Sources */ = {isa = PBXBuildFile; fileRef = 8857E8311EA2F609004EDD34 /* SoundManager.swift */; };
		8857E8341EA33816004EDD34 /* MainFooterView.swift in Sources */ = {isa = PBXBuildFile; fileRef = 8857E8331EA33816004EDD34 /* MainFooterView.swift */; };
		8857E8361EA33D9D004EDD34 /* MainMenuScene.swift in Sources */ = {isa = PBXBuildFile; fileRef = 8857E8351EA33D9D004EDD34 /* MainMenuScene.swift */; };
		8857E8391EA3E9D0004EDD34 /* LevelViewModel.swift in Sources */ = {isa = PBXBuildFile; fileRef = 8857E8381EA3E9D0004EDD34 /* LevelViewModel.swift */; };
		8857E83E1EA418B8004EDD34 /* background_music.mp3 in Resources */ = {isa = PBXBuildFile; fileRef = 8857E83D1EA418B8004EDD34 /* background_music.mp3 */; };
		8857E8401EA47589004EDD34 /* SettingsViewController.swift in Sources */ = {isa = PBXBuildFile; fileRef = 8857E83F1EA47589004EDD34 /* SettingsViewController.swift */; };
		8857E8421EA49069004EDD34 /* SpriteKitExtensions.swift in Sources */ = {isa = PBXBuildFile; fileRef = 8857E8411EA49069004EDD34 /* SpriteKitExtensions.swift */; };
		8857E8441EA495E1004EDD34 /* AppAudioNode.swift in Sources */ = {isa = PBXBuildFile; fileRef = 8857E8431EA495E1004EDD34 /* AppAudioNode.swift */; };
		886D6FED1E9D53EB00A834E5 /* AppScene.swift in Sources */ = {isa = PBXBuildFile; fileRef = 886D6FEC1E9D53EB00A834E5 /* AppScene.swift */; };
		886D6FEF1E9D570900A834E5 /* CoreGraphicsExtensions.swift in Sources */ = {isa = PBXBuildFile; fileRef = 886D6FEE1E9D570900A834E5 /* CoreGraphicsExtensions.swift */; };
		886D6FF11E9DA57B00A834E5 /* CancelButton.swift in Sources */ = {isa = PBXBuildFile; fileRef = 886D6FF01E9DA57B00A834E5 /* CancelButton.swift */; };
		886D6FF31E9DAC7A00A834E5 /* NavigationView.swift in Sources */ = {isa = PBXBuildFile; fileRef = 886D6FF21E9DAC7A00A834E5 /* NavigationView.swift */; };
		886D6FF51E9DB2E500A834E5 /* ChallengeNode.swift in Sources */ = {isa = PBXBuildFile; fileRef = 886D6FF41E9DB2E500A834E5 /* ChallengeNode.swift */; };
		886D6FF81E9DB4D100A834E5 /* TapTheVaginaNode.swift in Sources */ = {isa = PBXBuildFile; fileRef = 886D6FF71E9DB4D100A834E5 /* TapTheVaginaNode.swift */; };
		88924A131E984490004B4998 /* AppDelegate.swift in Sources */ = {isa = PBXBuildFile; fileRef = 88924A121E984490004B4998 /* AppDelegate.swift */; };
		88924A171E984491004B4998 /* Actions.sks in Resources */ = {isa = PBXBuildFile; fileRef = 88924A161E984491004B4998 /* Actions.sks */; };
		88924A1B1E984491004B4998 /* LevelViewController.swift in Sources */ = {isa = PBXBuildFile; fileRef = 88924A1A1E984491004B4998 /* LevelViewController.swift */; };
		88924A1E1E984491004B4998 /* Main.storyboard in Resources */ = {isa = PBXBuildFile; fileRef = 88924A1C1E984491004B4998 /* Main.storyboard */; };
		88924A201E984491004B4998 /* Assets.xcassets in Resources */ = {isa = PBXBuildFile; fileRef = 88924A1F1E984491004B4998 /* Assets.xcassets */; };
		88924A231E984491004B4998 /* LaunchScreen.storyboard in Resources */ = {isa = PBXBuildFile; fileRef = 88924A211E984491004B4998 /* LaunchScreen.storyboard */; };
		88924A2C1E997EE7004B4998 /* beep.wav in Resources */ = {isa = PBXBuildFile; fileRef = 88924A2B1E997EE7004B4998 /* beep.wav */; };
		88924A2F1E998123004B4998 /* MainMenuViewController.swift in Sources */ = {isa = PBXBuildFile; fileRef = 88924A2E1E998123004B4998 /* MainMenuViewController.swift */; };
		88924A321E99B035004B4998 /* Configuration.swift in Sources */ = {isa = PBXBuildFile; fileRef = 88924A311E99B035004B4998 /* Configuration.swift */; };
		88924A391E99ED6F004B4998 /* LevelListViewController.swift in Sources */ = {isa = PBXBuildFile; fileRef = 88924A381E99ED6F004B4998 /* LevelListViewController.swift */; };
		88924A3B1E99FAE3004B4998 /* AppViewController.swift in Sources */ = {isa = PBXBuildFile; fileRef = 88924A3A1E99FAE2004B4998 /* AppViewController.swift */; };
		88924A671E9AA188004B4998 /* AppUtilities.swift in Sources */ = {isa = PBXBuildFile; fileRef = 88924A661E9AA188004B4998 /* AppUtilities.swift */; };
		88924A691E9AC3B1004B4998 /* PlayScene.swift in Sources */ = {isa = PBXBuildFile; fileRef = 88924A681E9AC3B1004B4998 /* PlayScene.swift */; };
		88924A6D1E9B4EAE004B4998 /* LevelResultScene.swift in Sources */ = {isa = PBXBuildFile; fileRef = 88924A6C1E9B4EAE004B4998 /* LevelResultScene.swift */; };
		88AA54EF1E9C5EA50074BD23 /* AppSpriteNode.swift in Sources */ = {isa = PBXBuildFile; fileRef = 88AA54EE1E9C5EA50074BD23 /* AppSpriteNode.swift */; };
/* End PBXBuildFile section */

/* Begin PBXFileReference section */
		880E108F1E9C281400F54142 /* UIKitExtensions.swift */ = {isa = PBXFileReference; fileEncoding = 4; lastKnownFileType = sourcecode.swift; path = UIKitExtensions.swift; sourceTree = "<group>"; };
		880E10961E9C2F7200F54142 /* SplashViewController.swift */ = {isa = PBXFileReference; fileEncoding = 4; lastKnownFileType = sourcecode.swift; path = SplashViewController.swift; sourceTree = "<group>"; };
		880E109C1E9C366B00F54142 /* AppLabelNode.swift */ = {isa = PBXFileReference; fileEncoding = 4; lastKnownFileType = sourcecode.swift; path = AppLabelNode.swift; sourceTree = "<group>"; };
		884624EF1E9E80CA0003D556 /* splash_animation.gif */ = {isa = PBXFileReference; lastKnownFileType = image.gif; path = splash_animation.gif; sourceTree = "<group>"; };
		884625181E9F36130003D556 /* ChallengeResultNode.swift */ = {isa = PBXFileReference; fileEncoding = 4; lastKnownFileType = sourcecode.swift; path = ChallengeResultNode.swift; sourceTree = "<group>"; };
		8846251A1E9F583F0003D556 /* AppGlobal.swift */ = {isa = PBXFileReference; fileEncoding = 4; lastKnownFileType = sourcecode.swift; path = AppGlobal.swift; sourceTree = "<group>"; };
		8857E8281EA173C1004EDD34 /* LevelStatusView.swift */ = {isa = PBXFileReference; fileEncoding = 4; lastKnownFileType = sourcecode.swift; path = LevelStatusView.swift; sourceTree = "<group>"; };
		8857E82A1EA173E9004EDD34 /* AppView.swift */ = {isa = PBXFileReference; fileEncoding = 4; lastKnownFileType = sourcecode.swift; path = AppView.swift; sourceTree = "<group>"; };
		8857E82D1EA299EC004EDD34 /* SelectVulvasChallengeNode.swift */ = {isa = PBXFileReference; fileEncoding = 4; lastKnownFileType = sourcecode.swift; path = SelectVulvasChallengeNode.swift; sourceTree = "<group>"; };
		8857E8311EA2F609004EDD34 /* SoundManager.swift */ = {isa = PBXFileReference; fileEncoding = 4; lastKnownFileType = sourcecode.swift; path = SoundManager.swift; sourceTree = "<group>"; };
		8857E8331EA33816004EDD34 /* MainFooterView.swift */ = {isa = PBXFileReference; fileEncoding = 4; lastKnownFileType = sourcecode.swift; path = MainFooterView.swift; sourceTree = "<group>"; };
		8857E8351EA33D9D004EDD34 /* MainMenuScene.swift */ = {isa = PBXFileReference; fileEncoding = 4; lastKnownFileType = sourcecode.swift; path = MainMenuScene.swift; sourceTree = "<group>"; };
		8857E8381EA3E9D0004EDD34 /* LevelViewModel.swift */ = {isa = PBXFileReference; fileEncoding = 4; lastKnownFileType = sourcecode.swift; path = LevelViewModel.swift; sourceTree = "<group>"; };
		8857E83D1EA418B8004EDD34 /* background_music.mp3 */ = {isa = PBXFileReference; lastKnownFileType = audio.mp3; path = background_music.mp3; sourceTree = "<group>"; };
		8857E83F1EA47589004EDD34 /* SettingsViewController.swift */ = {isa = PBXFileReference; fileEncoding = 4; lastKnownFileType = sourcecode.swift; path = SettingsViewController.swift; sourceTree = "<group>"; };
		8857E8411EA49069004EDD34 /* SpriteKitExtensions.swift */ = {isa = PBXFileReference; fileEncoding = 4; lastKnownFileType = sourcecode.swift; path = SpriteKitExtensions.swift; sourceTree = "<group>"; };
		8857E8431EA495E1004EDD34 /* AppAudioNode.swift */ = {isa = PBXFileReference; fileEncoding = 4; lastKnownFileType = sourcecode.swift; path = AppAudioNode.swift; sourceTree = "<group>"; };
		886D6FEC1E9D53EB00A834E5 /* AppScene.swift */ = {isa = PBXFileReference; fileEncoding = 4; lastKnownFileType = sourcecode.swift; path = AppScene.swift; sourceTree = "<group>"; };
		886D6FEE1E9D570900A834E5 /* CoreGraphicsExtensions.swift */ = {isa = PBXFileReference; fileEncoding = 4; lastKnownFileType = sourcecode.swift; path = CoreGraphicsExtensions.swift; sourceTree = "<group>"; };
		886D6FF01E9DA57B00A834E5 /* CancelButton.swift */ = {isa = PBXFileReference; fileEncoding = 4; lastKnownFileType = sourcecode.swift; path = CancelButton.swift; sourceTree = "<group>"; };
		886D6FF21E9DAC7A00A834E5 /* NavigationView.swift */ = {isa = PBXFileReference; fileEncoding = 4; lastKnownFileType = sourcecode.swift; path = NavigationView.swift; sourceTree = "<group>"; };
		886D6FF41E9DB2E500A834E5 /* ChallengeNode.swift */ = {isa = PBXFileReference; fileEncoding = 4; lastKnownFileType = sourcecode.swift; path = ChallengeNode.swift; sourceTree = "<group>"; };
		886D6FF71E9DB4D100A834E5 /* TapTheVaginaNode.swift */ = {isa = PBXFileReference; fileEncoding = 4; lastKnownFileType = sourcecode.swift; path = TapTheVaginaNode.swift; sourceTree = "<group>"; };
		88924A0F1E984490004B4998 /* WinkWink_11.app */ = {isa = PBXFileReference; explicitFileType = wrapper.application; includeInIndex = 0; path = WinkWink_11.app; sourceTree = BUILT_PRODUCTS_DIR; };
		88924A121E984490004B4998 /* AppDelegate.swift */ = {isa = PBXFileReference; lastKnownFileType = sourcecode.swift; path = AppDelegate.swift; sourceTree = "<group>"; };
		88924A161E984491004B4998 /* Actions.sks */ = {isa = PBXFileReference; lastKnownFileType = file.sks; path = Actions.sks; sourceTree = "<group>"; };
		88924A1A1E984491004B4998 /* LevelViewController.swift */ = {isa = PBXFileReference; lastKnownFileType = sourcecode.swift; path = LevelViewController.swift; sourceTree = "<group>"; };
		88924A1D1E984491004B4998 /* Base */ = {isa = PBXFileReference; lastKnownFileType = file.storyboard; name = Base; path = Base.lproj/Main.storyboard; sourceTree = "<group>"; };
		88924A1F1E984491004B4998 /* Assets.xcassets */ = {isa = PBXFileReference; lastKnownFileType = folder.assetcatalog; path = Assets.xcassets; sourceTree = "<group>"; };
		88924A221E984491004B4998 /* Base */ = {isa = PBXFileReference; lastKnownFileType = file.storyboard; name = Base; path = Base.lproj/LaunchScreen.storyboard; sourceTree = "<group>"; };
		88924A241E984491004B4998 /* Info.plist */ = {isa = PBXFileReference; lastKnownFileType = text.plist.xml; path = Info.plist; sourceTree = "<group>"; };
		88924A2B1E997EE7004B4998 /* beep.wav */ = {isa = PBXFileReference; lastKnownFileType = audio.wav; path = beep.wav; sourceTree = "<group>"; };
		88924A2E1E998123004B4998 /* MainMenuViewController.swift */ = {isa = PBXFileReference; fileEncoding = 4; lastKnownFileType = sourcecode.swift; path = MainMenuViewController.swift; sourceTree = "<group>"; };
		88924A311E99B035004B4998 /* Configuration.swift */ = {isa = PBXFileReference; fileEncoding = 4; lastKnownFileType = sourcecode.swift; path = Configuration.swift; sourceTree = "<group>"; };
		88924A381E99ED6F004B4998 /* LevelListViewController.swift */ = {isa = PBXFileReference; fileEncoding = 4; lastKnownFileType = sourcecode.swift; path = LevelListViewController.swift; sourceTree = "<group>"; };
		88924A3A1E99FAE2004B4998 /* AppViewController.swift */ = {isa = PBXFileReference; fileEncoding = 4; lastKnownFileType = sourcecode.swift; path = AppViewController.swift; sourceTree = "<group>"; };
		88924A661E9AA188004B4998 /* AppUtilities.swift */ = {isa = PBXFileReference; fileEncoding = 4; lastKnownFileType = sourcecode.swift; path = AppUtilities.swift; sourceTree = "<group>"; };
		88924A681E9AC3B1004B4998 /* PlayScene.swift */ = {isa = PBXFileReference; fileEncoding = 4; lastKnownFileType = sourcecode.swift; path = PlayScene.swift; sourceTree = "<group>"; };
		88924A6C1E9B4EAE004B4998 /* LevelResultScene.swift */ = {isa = PBXFileReference; fileEncoding = 4; lastKnownFileType = sourcecode.swift; path = LevelResultScene.swift; sourceTree = "<group>"; };
		88AA54EE1E9C5EA50074BD23 /* AppSpriteNode.swift */ = {isa = PBXFileReference; fileEncoding = 4; lastKnownFileType = sourcecode.swift; path = AppSpriteNode.swift; sourceTree = "<group>"; };
/* End PBXFileReference section */

/* Begin PBXFrameworksBuildPhase section */
		88924A0C1E984490004B4998 /* Frameworks */ = {
			isa = PBXFrameworksBuildPhase;
			buildActionMask = 2147483647;
			files = (
			);
			runOnlyForDeploymentPostprocessing = 0;
		};
/* End PBXFrameworksBuildPhase section */

/* Begin PBXGroup section */
		880E10911E9C285D00F54142 /* Views */ = {
			isa = PBXGroup;
			children = (
				886D6FF01E9DA57B00A834E5 /* CancelButton.swift */,
				886D6FF21E9DAC7A00A834E5 /* NavigationView.swift */,
				8857E8281EA173C1004EDD34 /* LevelStatusView.swift */,
				8857E82A1EA173E9004EDD34 /* AppView.swift */,
				8857E8331EA33816004EDD34 /* MainFooterView.swift */,
			);
			name = Views;
			sourceTree = "<group>";
		};
		880E109B1E9C362700F54142 /* Nodes */ = {
			isa = PBXGroup;
			children = (
				886D6FF61E9DB4AC00A834E5 /* ChallengeNodes */,
				8857E8431EA495E1004EDD34 /* AppAudioNode.swift */,
				880E109C1E9C366B00F54142 /* AppLabelNode.swift */,
				88AA54EE1E9C5EA50074BD23 /* AppSpriteNode.swift */,
				886D6FF41E9DB2E500A834E5 /* ChallengeNode.swift */,
				884625181E9F36130003D556 /* ChallengeResultNode.swift */,
			);
			name = Nodes;
			sourceTree = "<group>";
		};
		884624F11E9E80D00003D556 /* Resources */ = {
			isa = PBXGroup;
			children = (
				8857E83C1EA4187B004EDD34 /* Audio */,
				88924A241E984491004B4998 /* Info.plist */,
				88924A1F1E984491004B4998 /* Assets.xcassets */,
				88924A1C1E984491004B4998 /* Main.storyboard */,
				88924A211E984491004B4998 /* LaunchScreen.storyboard */,
				884624EF1E9E80CA0003D556 /* splash_animation.gif */,
			);
			name = Resources;
			sourceTree = "<group>";
		};
		8857E82C1EA2998B004EDD34 /* Level1 */ = {
			isa = PBXGroup;
			children = (
				886D6FF71E9DB4D100A834E5 /* TapTheVaginaNode.swift */,
				8857E82D1EA299EC004EDD34 /* SelectVulvasChallengeNode.swift */,
			);
			name = Level1;
			sourceTree = "<group>";
		};
		8857E8371EA3E9A5004EDD34 /* ViewModels */ = {
			isa = PBXGroup;
			children = (
				8857E8381EA3E9D0004EDD34 /* LevelViewModel.swift */,
			);
			name = ViewModels;
			sourceTree = "<group>";
		};
		8857E83C1EA4187B004EDD34 /* Audio */ = {
			isa = PBXGroup;
			children = (
				8857E83D1EA418B8004EDD34 /* background_music.mp3 */,
				88924A2B1E997EE7004B4998 /* beep.wav */,
			);
			name = Audio;
			sourceTree = "<group>";
		};
		886D6FF61E9DB4AC00A834E5 /* ChallengeNodes */ = {
			isa = PBXGroup;
			children = (
				8857E82C1EA2998B004EDD34 /* Level1 */,
			);
			name = ChallengeNodes;
			sourceTree = "<group>";
		};
		88924A061E984490004B4998 = {
			isa = PBXGroup;
			children = (
				88924A111E984490004B4998 /* WinkWink_11 */,
				88924A101E984490004B4998 /* Products */,
			);
			sourceTree = "<group>";
		};
		88924A101E984490004B4998 /* Products */ = {
			isa = PBXGroup;
			children = (
				88924A0F1E984490004B4998 /* WinkWink_11.app */,
			);
			name = Products;
			sourceTree = "<group>";
		};
		88924A111E984490004B4998 /* WinkWink_11 */ = {
			isa = PBXGroup;
			children = (
				8857E8371EA3E9A5004EDD34 /* ViewModels */,
				88924A121E984490004B4998 /* AppDelegate.swift */,
				8846251A1E9F583F0003D556 /* AppGlobal.swift */,
				88924A3C1E99FFF1004B4998 /* Extensions */,
				880E109B1E9C362700F54142 /* Nodes */,
				884624F11E9E80D00003D556 /* Resources */,
				88924A331E99C8A8004B4998 /* Scenes */,
				88924A301E99B013004B4998 /* Utilities */,
				880E10911E9C285D00F54142 /* Views */,
				88924A2D1E99810D004B4998 /* ViewControllers */,
				8857E8311EA2F609004EDD34 /* SoundManager.swift */,
			);
			path = WinkWink_11;
			sourceTree = "<group>";
		};
		88924A2D1E99810D004B4998 /* ViewControllers */ = {
			isa = PBXGroup;
			children = (
				88924A3A1E99FAE2004B4998 /* AppViewController.swift */,
				88924A2E1E998123004B4998 /* MainMenuViewController.swift */,
				88924A1A1E984491004B4998 /* LevelViewController.swift */,
				88924A381E99ED6F004B4998 /* LevelListViewController.swift */,
				880E10961E9C2F7200F54142 /* SplashViewController.swift */,
				8857E83F1EA47589004EDD34 /* SettingsViewController.swift */,
			);
			name = ViewControllers;
			sourceTree = "<group>";
		};
		88924A301E99B013004B4998 /* Utilities */ = {
			isa = PBXGroup;
			children = (
				88924A311E99B035004B4998 /* Configuration.swift */,
				88924A661E9AA188004B4998 /* AppUtilities.swift */,
			);
			name = Utilities;
			sourceTree = "<group>";
		};
		88924A331E99C8A8004B4998 /* Scenes */ = {
			isa = PBXGroup;
			children = (
				886D6FEC1E9D53EB00A834E5 /* AppScene.swift */,
				88924A161E984491004B4998 /* Actions.sks */,
				88924A6C1E9B4EAE004B4998 /* LevelResultScene.swift */,
				88924A681E9AC3B1004B4998 /* PlayScene.swift */,
				8857E8351EA33D9D004EDD34 /* MainMenuScene.swift */,
			);
			name = Scenes;
			sourceTree = "<group>";
		};
		88924A3C1E99FFF1004B4998 /* Extensions */ = {
			isa = PBXGroup;
			children = (
				880E108F1E9C281400F54142 /* UIKitExtensions.swift */,
				886D6FEE1E9D570900A834E5 /* CoreGraphicsExtensions.swift */,
				8857E8411EA49069004EDD34 /* SpriteKitExtensions.swift */,
			);
			name = Extensions;
			sourceTree = "<group>";
		};
/* End PBXGroup section */

/* Begin PBXNativeTarget section */
		88924A0E1E984490004B4998 /* WinkWink_11 */ = {
			isa = PBXNativeTarget;
			buildConfigurationList = 88924A271E984491004B4998 /* Build configuration list for PBXNativeTarget "WinkWink_11" */;
			buildPhases = (
				88924A0B1E984490004B4998 /* Sources */,
				88924A0C1E984490004B4998 /* Frameworks */,
				88924A0D1E984490004B4998 /* Resources */,
			);
			buildRules = (
			);
			dependencies = (
			);
			name = WinkWink_11;
			productName = WinkWink_11;
			productReference = 88924A0F1E984490004B4998 /* WinkWink_11.app */;
			productType = "com.apple.product-type.application";
		};
/* End PBXNativeTarget section */

/* Begin PBXProject section */
		88924A071E984490004B4998 /* Project object */ = {
			isa = PBXProject;
			attributes = {
				LastSwiftUpdateCheck = 0820;
				LastUpgradeCheck = 0820;
				ORGANIZATIONNAME = "travis holt";
				TargetAttributes = {
					88924A0E1E984490004B4998 = {
						CreatedOnToolsVersion = 8.2.1;
						DevelopmentTeam = U2FS6H847E;
						ProvisioningStyle = Automatic;
					};
				};
			};
			buildConfigurationList = 88924A0A1E984490004B4998 /* Build configuration list for PBXProject "WinkWink_11" */;
			compatibilityVersion = "Xcode 3.2";
			developmentRegion = English;
			hasScannedForEncodings = 0;
			knownRegions = (
				en,
				Base,
			);
			mainGroup = 88924A061E984490004B4998;
			productRefGroup = 88924A101E984490004B4998 /* Products */;
			projectDirPath = "";
			projectRoot = "";
			targets = (
				88924A0E1E984490004B4998 /* WinkWink_11 */,
			);
		};
/* End PBXProject section */

/* Begin PBXResourcesBuildPhase section */
		88924A0D1E984490004B4998 /* Resources */ = {
			isa = PBXResourcesBuildPhase;
			buildActionMask = 2147483647;
			files = (
				8857E83E1EA418B8004EDD34 /* background_music.mp3 in Resources */,
				88924A2C1E997EE7004B4998 /* beep.wav in Resources */,
				88924A1E1E984491004B4998 /* Main.storyboard in Resources */,
				884624F01E9E80CA0003D556 /* splash_animation.gif in Resources */,
				88924A201E984491004B4998 /* Assets.xcassets in Resources */,
				88924A231E984491004B4998 /* LaunchScreen.storyboard in Resources */,
				88924A171E984491004B4998 /* Actions.sks in Resources */,
			);
			runOnlyForDeploymentPostprocessing = 0;
		};
/* End PBXResourcesBuildPhase section */

/* Begin PBXSourcesBuildPhase section */
		88924A0B1E984490004B4998 /* Sources */ = {
			isa = PBXSourcesBuildPhase;
			buildActionMask = 2147483647;
			files = (
				880E109D1E9C366B00F54142 /* AppLabelNode.swift in Sources */,
				88924A2F1E998123004B4998 /* MainMenuViewController.swift in Sources */,
				8857E8391EA3E9D0004EDD34 /* LevelViewModel.swift in Sources */,
				884625191E9F36130003D556 /* ChallengeResultNode.swift in Sources */,
				8857E8341EA33816004EDD34 /* MainFooterView.swift in Sources */,
				8857E82B1EA173E9004EDD34 /* AppView.swift in Sources */,
				886D6FF31E9DAC7A00A834E5 /* NavigationView.swift in Sources */,
				88924A671E9AA188004B4998 /* AppUtilities.swift in Sources */,
				880E10901E9C281400F54142 /* UIKitExtensions.swift in Sources */,
				8857E8291EA173C1004EDD34 /* LevelStatusView.swift in Sources */,
				88924A6D1E9B4EAE004B4998 /* LevelResultScene.swift in Sources */,
				886D6FED1E9D53EB00A834E5 /* AppScene.swift in Sources */,
				88924A321E99B035004B4998 /* Configuration.swift in Sources */,
				886D6FF11E9DA57B00A834E5 /* CancelButton.swift in Sources */,
				880E10971E9C2F7200F54142 /* SplashViewController.swift in Sources */,
				8857E8421EA49069004EDD34 /* SpriteKitExtensions.swift in Sources */,
				8857E82E1EA299EC004EDD34 /* SelectVulvasChallengeNode.swift in Sources */,
				8857E8361EA33D9D004EDD34 /* MainMenuScene.swift in Sources */,
				886D6FF51E9DB2E500A834E5 /* ChallengeNode.swift in Sources */,
				8846251B1E9F583F0003D556 /* AppGlobal.swift in Sources */,
				8857E8321EA2F609004EDD34 /* SoundManager.swift in Sources */,
				88924A3B1E99FAE3004B4998 /* AppViewController.swift in Sources */,
				88AA54EF1E9C5EA50074BD23 /* AppSpriteNode.swift in Sources */,
				88924A391E99ED6F004B4998 /* LevelListViewController.swift in Sources */,
				8857E8441EA495E1004EDD34 /* AppAudioNode.swift in Sources */,
				8857E8401EA47589004EDD34 /* SettingsViewController.swift in Sources */,
				886D6FEF1E9D570900A834E5 /* CoreGraphicsExtensions.swift in Sources */,
				88924A691E9AC3B1004B4998 /* PlayScene.swift in Sources */,
				886D6FF81E9DB4D100A834E5 /* TapTheVaginaNode.swift in Sources */,
				88924A1B1E984491004B4998 /* LevelViewController.swift in Sources */,
				88924A131E984490004B4998 /* AppDelegate.swift in Sources */,
			);
			runOnlyForDeploymentPostprocessing = 0;
		};
/* End PBXSourcesBuildPhase section */

/* Begin PBXVariantGroup section */
		88924A1C1E984491004B4998 /* Main.storyboard */ = {
			isa = PBXVariantGroup;
			children = (
				88924A1D1E984491004B4998 /* Base */,
			);
			name = Main.storyboard;
			sourceTree = "<group>";
		};
		88924A211E984491004B4998 /* LaunchScreen.storyboard */ = {
			isa = PBXVariantGroup;
			children = (
				88924A221E984491004B4998 /* Base */,
			);
			name = LaunchScreen.storyboard;
			sourceTree = "<group>";
		};
/* End PBXVariantGroup section */

/* Begin XCBuildConfiguration section */
		88924A251E984491004B4998 /* Debug */ = {
			isa = XCBuildConfiguration;
			buildSettings = {
				ALWAYS_SEARCH_USER_PATHS = NO;
				CLANG_ANALYZER_NONNULL = YES;
				CLANG_CXX_LANGUAGE_STANDARD = "gnu++0x";
				CLANG_CXX_LIBRARY = "libc++";
				CLANG_ENABLE_MODULES = YES;
				CLANG_ENABLE_OBJC_ARC = YES;
				CLANG_WARN_BOOL_CONVERSION = YES;
				CLANG_WARN_CONSTANT_CONVERSION = YES;
				CLANG_WARN_DIRECT_OBJC_ISA_USAGE = YES_ERROR;
				CLANG_WARN_DOCUMENTATION_COMMENTS = YES;
				CLANG_WARN_EMPTY_BODY = YES;
				CLANG_WARN_ENUM_CONVERSION = YES;
				CLANG_WARN_INFINITE_RECURSION = YES;
				CLANG_WARN_INT_CONVERSION = YES;
				CLANG_WARN_OBJC_ROOT_CLASS = YES_ERROR;
				CLANG_WARN_SUSPICIOUS_MOVE = YES;
				CLANG_WARN_UNREACHABLE_CODE = YES;
				CLANG_WARN__DUPLICATE_METHOD_MATCH = YES;
				"CODE_SIGN_IDENTITY[sdk=iphoneos*]" = "iPhone Developer";
				COPY_PHASE_STRIP = NO;
				DEBUG_INFORMATION_FORMAT = dwarf;
				ENABLE_STRICT_OBJC_MSGSEND = YES;
				ENABLE_TESTABILITY = YES;
				GCC_C_LANGUAGE_STANDARD = gnu99;
				GCC_DYNAMIC_NO_PIC = NO;
				GCC_NO_COMMON_BLOCKS = YES;
				GCC_OPTIMIZATION_LEVEL = 0;
				GCC_PREPROCESSOR_DEFINITIONS = (
					"DEBUG=1",
					"$(inherited)",
				);
				GCC_WARN_64_TO_32_BIT_CONVERSION = YES;
				GCC_WARN_ABOUT_RETURN_TYPE = YES_ERROR;
				GCC_WARN_UNDECLARED_SELECTOR = YES;
				GCC_WARN_UNINITIALIZED_AUTOS = YES_AGGRESSIVE;
				GCC_WARN_UNUSED_FUNCTION = YES;
				GCC_WARN_UNUSED_VARIABLE = YES;
				IPHONEOS_DEPLOYMENT_TARGET = 10.2;
				MTL_ENABLE_DEBUG_INFO = YES;
				ONLY_ACTIVE_ARCH = YES;
				SDKROOT = iphoneos;
				SWIFT_ACTIVE_COMPILATION_CONDITIONS = DEBUG;
				SWIFT_OPTIMIZATION_LEVEL = "-Onone";
			};
			name = Debug;
		};
		88924A261E984491004B4998 /* Release */ = {
			isa = XCBuildConfiguration;
			buildSettings = {
				ALWAYS_SEARCH_USER_PATHS = NO;
				CLANG_ANALYZER_NONNULL = YES;
				CLANG_CXX_LANGUAGE_STANDARD = "gnu++0x";
				CLANG_CXX_LIBRARY = "libc++";
				CLANG_ENABLE_MODULES = YES;
				CLANG_ENABLE_OBJC_ARC = YES;
				CLANG_WARN_BOOL_CONVERSION = YES;
				CLANG_WARN_CONSTANT_CONVERSION = YES;
				CLANG_WARN_DIRECT_OBJC_ISA_USAGE = YES_ERROR;
				CLANG_WARN_DOCUMENTATION_COMMENTS = YES;
				CLANG_WARN_EMPTY_BODY = YES;
				CLANG_WARN_ENUM_CONVERSION = YES;
				CLANG_WARN_INFINITE_RECURSION = YES;
				CLANG_WARN_INT_CONVERSION = YES;
				CLANG_WARN_OBJC_ROOT_CLASS = YES_ERROR;
				CLANG_WARN_SUSPICIOUS_MOVE = YES;
				CLANG_WARN_UNREACHABLE_CODE = YES;
				CLANG_WARN__DUPLICATE_METHOD_MATCH = YES;
				"CODE_SIGN_IDENTITY[sdk=iphoneos*]" = "iPhone Developer";
				COPY_PHASE_STRIP = NO;
				DEBUG_INFORMATION_FORMAT = "dwarf-with-dsym";
				ENABLE_NS_ASSERTIONS = NO;
				ENABLE_STRICT_OBJC_MSGSEND = YES;
				GCC_C_LANGUAGE_STANDARD = gnu99;
				GCC_NO_COMMON_BLOCKS = YES;
				GCC_WARN_64_TO_32_BIT_CONVERSION = YES;
				GCC_WARN_ABOUT_RETURN_TYPE = YES_ERROR;
				GCC_WARN_UNDECLARED_SELECTOR = YES;
				GCC_WARN_UNINITIALIZED_AUTOS = YES_AGGRESSIVE;
				GCC_WARN_UNUSED_FUNCTION = YES;
				GCC_WARN_UNUSED_VARIABLE = YES;
				IPHONEOS_DEPLOYMENT_TARGET = 10.2;
				MTL_ENABLE_DEBUG_INFO = NO;
				SDKROOT = iphoneos;
				SWIFT_OPTIMIZATION_LEVEL = "-Owholemodule";
				VALIDATE_PRODUCT = YES;
			};
			name = Release;
		};
		88924A281E984491004B4998 /* Debug */ = {
			isa = XCBuildConfiguration;
			buildSettings = {
				ASSETCATALOG_COMPILER_APPICON_NAME = AppIcon;
				DEVELOPMENT_TEAM = U2FS6H847E;
				INFOPLIST_FILE = WinkWink_11/Info.plist;
				LD_RUNPATH_SEARCH_PATHS = "$(inherited) @executable_path/Frameworks";
				PRODUCT_BUNDLE_IDENTIFIER = "com.travisholt.WinkWink-11";
				PRODUCT_NAME = "$(TARGET_NAME)";
				SWIFT_VERSION = 3.0;
			};
			name = Debug;
		};
		88924A291E984491004B4998 /* Release */ = {
			isa = XCBuildConfiguration;
			buildSettings = {
				ASSETCATALOG_COMPILER_APPICON_NAME = AppIcon;
				DEVELOPMENT_TEAM = U2FS6H847E;
				INFOPLIST_FILE = WinkWink_11/Info.plist;
				LD_RUNPATH_SEARCH_PATHS = "$(inherited) @executable_path/Frameworks";
				PRODUCT_BUNDLE_IDENTIFIER = "com.travisholt.WinkWink-11";
				PRODUCT_NAME = "$(TARGET_NAME)";
				SWIFT_VERSION = 3.0;
			};
			name = Release;
		};
/* End XCBuildConfiguration section */

/* Begin XCConfigurationList section */
		88924A0A1E984490004B4998 /* Build configuration list for PBXProject "WinkWink_11" */ = {
			isa = XCConfigurationList;
			buildConfigurations = (
				88924A251E984491004B4998 /* Debug */,
				88924A261E984491004B4998 /* Release */,
			);
			defaultConfigurationIsVisible = 0;
			defaultConfigurationName = Release;
		};
		88924A271E984491004B4998 /* Build configuration list for PBXNativeTarget "WinkWink_11" */ = {
			isa = XCConfigurationList;
			buildConfigurations = (
				88924A281E984491004B4998 /* Debug */,
				88924A291E984491004B4998 /* Release */,
			);
			defaultConfigurationIsVisible = 0;
			defaultConfigurationName = Release;
		};
/* End XCConfigurationList section */
	};
	rootObject = 88924A071E984490004B4998 /* Project object */;
}
